
Microsoft Visual Studio Solution File, Format Version 11.00
# Visual Studio 2010
Project("{FAE04EC0-301F-11D3-BF4B-00C04F79EFBC}") = "6.29 - 2000", "Assembly-CSharp.csproj", "{A5513D38-FF6B-44CB-BD9A-A804FB71D028}"
EndProject
Project("{FAE04EC0-301F-11D3-BF4B-00C04F79EFBC}") = "6.29 - 2000", "Assembly-CSharp-Editor.csproj", "{5A9AABAA-6E82-622A-CC6B-90D9F3130F3B}"
EndProject
Global
	GlobalSection(SolutionConfigurationPlatforms) = preSolution
		Debug|Any CPU = Debug|Any CPU
		Release|Any CPU = Release|Any CPU
	EndGlobalSection
	GlobalSection(ProjectConfigurationPlatforms) = postSolution
		{A5513D38-FF6B-44CB-BD9A-A804FB71D028}.Debug|Any CPU.ActiveCfg = Debug|Any CPU
		{A5513D38-FF6B-44CB-BD9A-A804FB71D028}.Debug|Any CPU.Build.0 = Debug|Any CPU
		{A5513D38-FF6B-44CB-BD9A-A804FB71D028}.Release|Any CPU.ActiveCfg = Release|Any CPU
		{A5513D38-FF6B-44CB-BD9A-A804FB71D028}.Release|Any CPU.Build.0 = Release|Any CPU
		{5A9AABAA-6E82-622A-CC6B-90D9F3130F3B}.Debug|Any CPU.ActiveCfg = Debug|Any CPU
		{5A9AABAA-6E82-622A-CC6B-90D9F3130F3B}.Debug|Any CPU.Build.0 = Debug|Any CPU
		{5A9AABAA-6E82-622A-CC6B-90D9F3130F3B}.Release|Any CPU.ActiveCfg = Release|Any CPU
		{5A9AABAA-6E82-622A-CC6B-90D9F3130F3B}.Release|Any CPU.Build.0 = Release|Any CPU
	EndGlobalSection
	GlobalSection(SolutionProperties) = preSolution
		HideSolutionNode = FALSE
	EndGlobalSection
	GlobalSection(MonoDevelopProperties) = preSolution
		StartupItem = Assembly-CSharp.csproj
	EndGlobalSection
EndGlobal
