
Microsoft Visual Studio Solution File, Format Version 11.00
# Visual Studio 2010
Project("{FAE04EC0-301F-11D3-BF4B-00C04F79EFBC}") = "Newton Beta6:8", "Assembly-CSharp.csproj", "{8447D480-51F0-551C-E426-2E8D17B9D56E}"
EndProject
Global
	GlobalSection(SolutionConfigurationPlatforms) = preSolution
		Debug|Any CPU = Debug|Any CPU
		Release|Any CPU = Release|Any CPU
	EndGlobalSection
	GlobalSection(ProjectConfigurationPlatforms) = postSolution
		{8447D480-51F0-551C-E426-2E8D17B9D56E}.Debug|Any CPU.ActiveCfg = Debug|Any CPU
		{8447D480-51F0-551C-E426-2E8D17B9D56E}.Debug|Any CPU.Build.0 = Debug|Any CPU
		{8447D480-51F0-551C-E426-2E8D17B9D56E}.Release|Any CPU.ActiveCfg = Release|Any CPU
		{8447D480-51F0-551C-E426-2E8D17B9D56E}.Release|Any CPU.Build.0 = Release|Any CPU
	EndGlobalSection
	GlobalSection(SolutionProperties) = preSolution
		HideSolutionNode = FALSE
	EndGlobalSection
	GlobalSection(MonoDevelopProperties) = preSolution
		StartupItem = Assembly-CSharp.csproj
	EndGlobalSection
EndGlobal
