
Microsoft Visual Studio Solution File, Format Version 11.00
# Visual Studio 2010
Project("{FAE04EC0-301F-11D3-BF4B-00C04F79EFBC}") = "6.29 - 0153 Energy bar update", "Assembly-CSharp.csproj", "{21ACA6A7-3B7A-BBB1-FD50-E9A4695574EF}"
EndProject
Project("{FAE04EC0-301F-11D3-BF4B-00C04F79EFBC}") = "6.29 - 0153 Energy bar update", "Assembly-CSharp-Editor.csproj", "{39419098-9DF5-F9A7-560A-1FEBAE0AA145}"
EndProject
Global
	GlobalSection(SolutionConfigurationPlatforms) = preSolution
		Debug|Any CPU = Debug|Any CPU
		Release|Any CPU = Release|Any CPU
	EndGlobalSection
	GlobalSection(ProjectConfigurationPlatforms) = postSolution
		{21ACA6A7-3B7A-BBB1-FD50-E9A4695574EF}.Debug|Any CPU.ActiveCfg = Debug|Any CPU
		{21ACA6A7-3B7A-BBB1-FD50-E9A4695574EF}.Debug|Any CPU.Build.0 = Debug|Any CPU
		{21ACA6A7-3B7A-BBB1-FD50-E9A4695574EF}.Release|Any CPU.ActiveCfg = Release|Any CPU
		{21ACA6A7-3B7A-BBB1-FD50-E9A4695574EF}.Release|Any CPU.Build.0 = Release|Any CPU
		{39419098-9DF5-F9A7-560A-1FEBAE0AA145}.Debug|Any CPU.ActiveCfg = Debug|Any CPU
		{39419098-9DF5-F9A7-560A-1FEBAE0AA145}.Debug|Any CPU.Build.0 = Debug|Any CPU
		{39419098-9DF5-F9A7-560A-1FEBAE0AA145}.Release|Any CPU.ActiveCfg = Release|Any CPU
		{39419098-9DF5-F9A7-560A-1FEBAE0AA145}.Release|Any CPU.Build.0 = Release|Any CPU
	EndGlobalSection
	GlobalSection(SolutionProperties) = preSolution
		HideSolutionNode = FALSE
	EndGlobalSection
	GlobalSection(MonoDevelopProperties) = preSolution
		StartupItem = Assembly-CSharp.csproj
	EndGlobalSection
EndGlobal
