
Microsoft Visual Studio Solution File, Format Version 11.00
# Visual Studio 2010
Project("{FAE04EC0-301F-11D3-BF4B-00C04F79EFBC}") = "7.6", "Assembly-CSharp.csproj", "{A2F0EE6A-088E-8D34-F9EA-54F49E147A87}"
EndProject
Project("{FAE04EC0-301F-11D3-BF4B-00C04F79EFBC}") = "7.6", "Assembly-CSharp-Editor.csproj", "{3EF318D5-BCEF-4A79-3345-FA4C5100199A}"
EndProject
Global
	GlobalSection(SolutionConfigurationPlatforms) = preSolution
		Debug|Any CPU = Debug|Any CPU
		Release|Any CPU = Release|Any CPU
	EndGlobalSection
	GlobalSection(ProjectConfigurationPlatforms) = postSolution
		{A2F0EE6A-088E-8D34-F9EA-54F49E147A87}.Debug|Any CPU.ActiveCfg = Debug|Any CPU
		{A2F0EE6A-088E-8D34-F9EA-54F49E147A87}.Debug|Any CPU.Build.0 = Debug|Any CPU
		{A2F0EE6A-088E-8D34-F9EA-54F49E147A87}.Release|Any CPU.ActiveCfg = Release|Any CPU
		{A2F0EE6A-088E-8D34-F9EA-54F49E147A87}.Release|Any CPU.Build.0 = Release|Any CPU
		{3EF318D5-BCEF-4A79-3345-FA4C5100199A}.Debug|Any CPU.ActiveCfg = Debug|Any CPU
		{3EF318D5-BCEF-4A79-3345-FA4C5100199A}.Debug|Any CPU.Build.0 = Debug|Any CPU
		{3EF318D5-BCEF-4A79-3345-FA4C5100199A}.Release|Any CPU.ActiveCfg = Release|Any CPU
		{3EF318D5-BCEF-4A79-3345-FA4C5100199A}.Release|Any CPU.Build.0 = Release|Any CPU
	EndGlobalSection
	GlobalSection(SolutionProperties) = preSolution
		HideSolutionNode = FALSE
	EndGlobalSection
	GlobalSection(MonoDevelopProperties) = preSolution
		StartupItem = Assembly-CSharp.csproj
	EndGlobalSection
EndGlobal
