
Microsoft Visual Studio Solution File, Format Version 11.00
# Visual Studio 2010
Project("{FAE04EC0-301F-11D3-BF4B-00C04F79EFBC}") = "6.27-5点", "Assembly-CSharp.csproj", "{1780AE9E-C997-3EE2-8D27-B180FC9F7AFC}"
EndProject
Project("{FAE04EC0-301F-11D3-BF4B-00C04F79EFBC}") = "6.27-5点", "Assembly-CSharp-Editor.csproj", "{0A428BD7-67A7-E249-231E-2EE1D8DF90E4}"
EndProject
Global
	GlobalSection(SolutionConfigurationPlatforms) = preSolution
		Debug|Any CPU = Debug|Any CPU
		Release|Any CPU = Release|Any CPU
	EndGlobalSection
	GlobalSection(ProjectConfigurationPlatforms) = postSolution
		{1780AE9E-C997-3EE2-8D27-B180FC9F7AFC}.Debug|Any CPU.ActiveCfg = Debug|Any CPU
		{1780AE9E-C997-3EE2-8D27-B180FC9F7AFC}.Debug|Any CPU.Build.0 = Debug|Any CPU
		{1780AE9E-C997-3EE2-8D27-B180FC9F7AFC}.Release|Any CPU.ActiveCfg = Release|Any CPU
		{1780AE9E-C997-3EE2-8D27-B180FC9F7AFC}.Release|Any CPU.Build.0 = Release|Any CPU
		{0A428BD7-67A7-E249-231E-2EE1D8DF90E4}.Debug|Any CPU.ActiveCfg = Debug|Any CPU
		{0A428BD7-67A7-E249-231E-2EE1D8DF90E4}.Debug|Any CPU.Build.0 = Debug|Any CPU
		{0A428BD7-67A7-E249-231E-2EE1D8DF90E4}.Release|Any CPU.ActiveCfg = Release|Any CPU
		{0A428BD7-67A7-E249-231E-2EE1D8DF90E4}.Release|Any CPU.Build.0 = Release|Any CPU
	EndGlobalSection
	GlobalSection(SolutionProperties) = preSolution
		HideSolutionNode = FALSE
	EndGlobalSection
	GlobalSection(MonoDevelopProperties) = preSolution
		StartupItem = Assembly-CSharp.csproj
	EndGlobalSection
EndGlobal
